
Microsoft Visual Studio Solution File, Format Version 12.00
# Visual Studio 14
VisualStudioVersion = 14.0.25420.1
MinimumVisualStudioVersion = 10.0.40219.1
Project("{8BC9CEB8-8B4A-11D0-8D11-00A0C91BC942}") = "BACnet_Handler_Library", "BACnet_Handler_Library\BACnet_Handler_Library.vcxproj", "{1F8FAA83-5DE5-4C06-9FE7-0C3BA4F58EA0}"
EndProject
Project("{8BC9CEB8-8B4A-11D0-8D11-00A0C91BC942}") = "BACnet_Object_Definitions", "BACnet_Object_Definitions\BACnet_Object_Definitions.vcxproj", "{33071C01-A46F-45D1-96F5-AE6F1CB5B5BF}"
EndProject
Project("{8BC9CEB8-8B4A-11D0-8D11-00A0C91BC942}") = "BACnet_Stack_Library", "BACnet_Stack_Library\BACnet_Stack_Library.vcxproj", "{242F28B6-0DA0-4325-84B8-0397404DBEA4}"
EndProject
Project("{8BC9CEB8-8B4A-11D0-8D11-00A0C91BC942}") = "readprop", "readprop\readprop.vcxproj", "{54C7141B-9E29-4375-8A94-B9142ADE20AD}"
EndProject
Project("{8BC9CEB8-8B4A-11D0-8D11-00A0C91BC942}") = "uptransfer", "uptransfer\uptransfer.vcxproj", "{009BEA34-D2A1-4099-B02B-16B14D102F8B}"
EndProject
Project("{8BC9CEB8-8B4A-11D0-8D11-00A0C91BC942}") = "Server", "Server\Server.vcxproj", "{A432A250-5856-4401-A764-6EEFDA824598}"
EndProject
Project("{8BC9CEB8-8B4A-11D0-8D11-00A0C91BC942}") = "bacdcode", "bacdcode\bacdcode.vcxproj", "{48E8A5AD-27D4-472B-A960-F725B3B9896B}"
EndProject
Global
	GlobalSection(SolutionConfigurationPlatforms) = preSolution
		Debug|x64 = Debug|x64
		Debug|x86 = Debug|x86
		Release|x64 = Release|x64
		Release|x86 = Release|x86
	EndGlobalSection
	GlobalSection(ProjectConfigurationPlatforms) = postSolution
		{1F8FAA83-5DE5-4C06-9FE7-0C3BA4F58EA0}.Debug|x64.ActiveCfg = Debug|x64
		{1F8FAA83-5DE5-4C06-9FE7-0C3BA4F58EA0}.Debug|x64.Build.0 = Debug|x64
		{1F8FAA83-5DE5-4C06-9FE7-0C3BA4F58EA0}.Debug|x86.ActiveCfg = Debug|Win32
		{1F8FAA83-5DE5-4C06-9FE7-0C3BA4F58EA0}.Debug|x86.Build.0 = Debug|Win32
		{1F8FAA83-5DE5-4C06-9FE7-0C3BA4F58EA0}.Release|x64.ActiveCfg = Release|x64
		{1F8FAA83-5DE5-4C06-9FE7-0C3BA4F58EA0}.Release|x64.Build.0 = Release|x64
		{1F8FAA83-5DE5-4C06-9FE7-0C3BA4F58EA0}.Release|x86.ActiveCfg = Release|Win32
		{1F8FAA83-5DE5-4C06-9FE7-0C3BA4F58EA0}.Release|x86.Build.0 = Release|Win32
		{33071C01-A46F-45D1-96F5-AE6F1CB5B5BF}.Debug|x64.ActiveCfg = Debug|x64
		{33071C01-A46F-45D1-96F5-AE6F1CB5B5BF}.Debug|x64.Build.0 = Debug|x64
		{33071C01-A46F-45D1-96F5-AE6F1CB5B5BF}.Debug|x86.ActiveCfg = Debug|Win32
		{33071C01-A46F-45D1-96F5-AE6F1CB5B5BF}.Debug|x86.Build.0 = Debug|Win32
		{33071C01-A46F-45D1-96F5-AE6F1CB5B5BF}.Release|x64.ActiveCfg = Release|x64
		{33071C01-A46F-45D1-96F5-AE6F1CB5B5BF}.Release|x64.Build.0 = Release|x64
		{33071C01-A46F-45D1-96F5-AE6F1CB5B5BF}.Release|x86.ActiveCfg = Release|Win32
		{33071C01-A46F-45D1-96F5-AE6F1CB5B5BF}.Release|x86.Build.0 = Release|Win32
		{242F28B6-0DA0-4325-84B8-0397404DBEA4}.Debug|x64.ActiveCfg = Debug|x64
		{242F28B6-0DA0-4325-84B8-0397404DBEA4}.Debug|x64.Build.0 = Debug|x64
		{242F28B6-0DA0-4325-84B8-0397404DBEA4}.Debug|x86.ActiveCfg = Debug|Win32
		{242F28B6-0DA0-4325-84B8-0397404DBEA4}.Debug|x86.Build.0 = Debug|Win32
		{242F28B6-0DA0-4325-84B8-0397404DBEA4}.Release|x64.ActiveCfg = Release|x64
		{242F28B6-0DA0-4325-84B8-0397404DBEA4}.Release|x64.Build.0 = Release|x64
		{242F28B6-0DA0-4325-84B8-0397404DBEA4}.Release|x86.ActiveCfg = Release|Win32
		{242F28B6-0DA0-4325-84B8-0397404DBEA4}.Release|x86.Build.0 = Release|Win32
		{54C7141B-9E29-4375-8A94-B9142ADE20AD}.Debug|x64.ActiveCfg = Debug|x64
		{54C7141B-9E29-4375-8A94-B9142ADE20AD}.Debug|x64.Build.0 = Debug|x64
		{54C7141B-9E29-4375-8A94-B9142ADE20AD}.Debug|x86.ActiveCfg = Debug|Win32
		{54C7141B-9E29-4375-8A94-B9142ADE20AD}.Release|x64.ActiveCfg = Release|x64
		{54C7141B-9E29-4375-8A94-B9142ADE20AD}.Release|x64.Build.0 = Release|x64
		{54C7141B-9E29-4375-8A94-B9142ADE20AD}.Release|x86.ActiveCfg = Release|Win32
		{54C7141B-9E29-4375-8A94-B9142ADE20AD}.Release|x86.Build.0 = Release|Win32
		{009BEA34-D2A1-4099-B02B-16B14D102F8B}.Debug|x64.ActiveCfg = Debug|x64
		{009BEA34-D2A1-4099-B02B-16B14D102F8B}.Debug|x64.Build.0 = Debug|x64
		{009BEA34-D2A1-4099-B02B-16B14D102F8B}.Debug|x86.ActiveCfg = Debug|Win32
		{009BEA34-D2A1-4099-B02B-16B14D102F8B}.Release|x64.ActiveCfg = Release|x64
		{009BEA34-D2A1-4099-B02B-16B14D102F8B}.Release|x64.Build.0 = Release|x64
		{009BEA34-D2A1-4099-B02B-16B14D102F8B}.Release|x86.ActiveCfg = Release|Win32
		{009BEA34-D2A1-4099-B02B-16B14D102F8B}.Release|x86.Build.0 = Release|Win32
		{A432A250-5856-4401-A764-6EEFDA824598}.Debug|x64.ActiveCfg = Debug|x64
		{A432A250-5856-4401-A764-6EEFDA824598}.Debug|x64.Build.0 = Debug|x64
		{A432A250-5856-4401-A764-6EEFDA824598}.Debug|x86.ActiveCfg = Debug|Win32
		{A432A250-5856-4401-A764-6EEFDA824598}.Debug|x86.Build.0 = Debug|Win32
		{A432A250-5856-4401-A764-6EEFDA824598}.Release|x64.ActiveCfg = Release|x64
		{A432A250-5856-4401-A764-6EEFDA824598}.Release|x64.Build.0 = Release|x64
		{A432A250-5856-4401-A764-6EEFDA824598}.Release|x86.ActiveCfg = Release|Win32
		{A432A250-5856-4401-A764-6EEFDA824598}.Release|x86.Build.0 = Release|Win32
		{48E8A5AD-27D4-472B-A960-F725B3B9896B}.Debug|x64.ActiveCfg = Debug|x64
		{48E8A5AD-27D4-472B-A960-F725B3B9896B}.Debug|x64.Build.0 = Debug|x64
		{48E8A5AD-27D4-472B-A960-F725B3B9896B}.Debug|x86.ActiveCfg = Debug|Win32
		{48E8A5AD-27D4-472B-A960-F725B3B9896B}.Debug|x86.Build.0 = Debug|Win32
		{48E8A5AD-27D4-472B-A960-F725B3B9896B}.Release|x64.ActiveCfg = Release|x64
		{48E8A5AD-27D4-472B-A960-F725B3B9896B}.Release|x64.Build.0 = Release|x64
		{48E8A5AD-27D4-472B-A960-F725B3B9896B}.Release|x86.ActiveCfg = Release|Win32
		{48E8A5AD-27D4-472B-A960-F725B3B9896B}.Release|x86.Build.0 = Release|Win32
	EndGlobalSection
	GlobalSection(SolutionProperties) = preSolution
		HideSolutionNode = FALSE
	EndGlobalSection
EndGlobal
